// !$*UTF8*$!
{
	archiveVersion = 1;
	classes = {
	};
	objectVersion = 56;
	objects = {

/* Begin PBXBuildFile section */
		1319950C2A4185260034ADE3 /* AppDelegate.swift in Sources */ = {isa = PBXBuildFile; fileRef = 1319950B2A4185260034ADE3 /* AppDelegate.swift */; };
		1319950E2A4185260034ADE3 /* SceneDelegate.swift in Sources */ = {isa = PBXBuildFile; fileRef = 1319950D2A4185260034ADE3 /* SceneDelegate.swift */; };
		131995102A4185260034ADE3 /* MainTabBarViewController.swift in Sources */ = {isa = PBXBuildFile; fileRef = 1319950F2A4185260034ADE3 /* MainTabBarViewController.swift */; };
		131995152A4185260034ADE3 /* Assets.xcassets in Resources */ = {isa = PBXBuildFile; fileRef = 131995142A4185260034ADE3 /* Assets.xcassets */; };
		131995182A4185260034ADE3 /* LaunchScreen.storyboard in Resources */ = {isa = PBXBuildFile; fileRef = 131995162A4185260034ADE3 /* LaunchScreen.storyboard */; };
		131995212A418DA50034ADE3 /* HomeViewController.swift in Sources */ = {isa = PBXBuildFile; fileRef = 131995202A418DA50034ADE3 /* HomeViewController.swift */; };
		131995232A418E0C0034ADE3 /* UpcomingViewController.swift in Sources */ = {isa = PBXBuildFile; fileRef = 131995222A418E0C0034ADE3 /* UpcomingViewController.swift */; };
		131995252A418E480034ADE3 /* SearchViewController.swift in Sources */ = {isa = PBXBuildFile; fileRef = 131995242A418E480034ADE3 /* SearchViewController.swift */; };
		131995272A418F2F0034ADE3 /* DownloadsViewController.swift in Sources */ = {isa = PBXBuildFile; fileRef = 131995262A418F2F0034ADE3 /* DownloadsViewController.swift */; };
		1319952E2A473FF80034ADE3 /* CollectionViewTableViewCell.swift in Sources */ = {isa = PBXBuildFile; fileRef = 1319952D2A473FF80034ADE3 /* CollectionViewTableViewCell.swift */; };
		136F34882A5A8AC00078F298 /* HeroHeaderUIView.swift in Sources */ = {isa = PBXBuildFile; fileRef = 136F34872A5A8AC00078F298 /* HeroHeaderUIView.swift */; };
/* End PBXBuildFile section */

/* Begin PBXFileReference section */
		131995082A4185260034ADE3 /* Netflix-clone.app */ = {isa = PBXFileReference; explicitFileType = wrapper.application; includeInIndex = 0; path = "Netflix-clone.app"; sourceTree = BUILT_PRODUCTS_DIR; };
		1319950B2A4185260034ADE3 /* AppDelegate.swift */ = {isa = PBXFileReference; lastKnownFileType = sourcecode.swift; path = AppDelegate.swift; sourceTree = "<group>"; };
		1319950D2A4185260034ADE3 /* SceneDelegate.swift */ = {isa = PBXFileReference; lastKnownFileType = sourcecode.swift; path = SceneDelegate.swift; sourceTree = "<group>"; };
		1319950F2A4185260034ADE3 /* MainTabBarViewController.swift */ = {isa = PBXFileReference; lastKnownFileType = sourcecode.swift; path = MainTabBarViewController.swift; sourceTree = "<group>"; };
		131995142A4185260034ADE3 /* Assets.xcassets */ = {isa = PBXFileReference; lastKnownFileType = folder.assetcatalog; path = Assets.xcassets; sourceTree = "<group>"; };
		131995172A4185260034ADE3 /* Base */ = {isa = PBXFileReference; lastKnownFileType = file.storyboard; name = Base; path = Base.lproj/LaunchScreen.storyboard; sourceTree = "<group>"; };
		131995192A4185260034ADE3 /* Info.plist */ = {isa = PBXFileReference; lastKnownFileType = text.plist.xml; path = Info.plist; sourceTree = "<group>"; };
		131995202A418DA50034ADE3 /* HomeViewController.swift */ = {isa = PBXFileReference; lastKnownFileType = sourcecode.swift; path = HomeViewController.swift; sourceTree = "<group>"; };
		131995222A418E0C0034ADE3 /* UpcomingViewController.swift */ = {isa = PBXFileReference; lastKnownFileType = sourcecode.swift; path = UpcomingViewController.swift; sourceTree = "<group>"; };
		131995242A418E480034ADE3 /* SearchViewController.swift */ = {isa = PBXFileReference; lastKnownFileType = sourcecode.swift; path = SearchViewController.swift; sourceTree = "<group>"; };
		131995262A418F2F0034ADE3 /* DownloadsViewController.swift */ = {isa = PBXFileReference; lastKnownFileType = sourcecode.swift; path = DownloadsViewController.swift; sourceTree = "<group>"; };
		1319952D2A473FF80034ADE3 /* CollectionViewTableViewCell.swift */ = {isa = PBXFileReference; lastKnownFileType = sourcecode.swift; path = CollectionViewTableViewCell.swift; sourceTree = "<group>"; };
		136F34872A5A8AC00078F298 /* HeroHeaderUIView.swift */ = {isa = PBXFileReference; lastKnownFileType = sourcecode.swift; path = HeroHeaderUIView.swift; sourceTree = "<group>"; };
/* End PBXFileReference section */

/* Begin PBXFrameworksBuildPhase section */
		131995052A4185260034ADE3 /* Frameworks */ = {
			isa = PBXFrameworksBuildPhase;
			buildActionMask = 2147483647;
			files = (
			);
			runOnlyForDeploymentPostprocessing = 0;
		};
/* End PBXFrameworksBuildPhase section */

/* Begin PBXGroup section */
		131994FF2A4185260034ADE3 = {
			isa = PBXGroup;
			children = (
				1319950A2A4185260034ADE3 /* Netflix-clone */,
				131995092A4185260034ADE3 /* Products */,
			);
			sourceTree = "<group>";
		};
		131995092A4185260034ADE3 /* Products */ = {
			isa = PBXGroup;
			children = (
				131995082A4185260034ADE3 /* Netflix-clone.app */,
			);
			name = Products;
			sourceTree = "<group>";
		};
		1319950A2A4185260034ADE3 /* Netflix-clone */ = {
			isa = PBXGroup;
			children = (
				1319952C2A473F850034ADE3 /* Managers */,
				1319952B2A473F750034ADE3 /* Resources */,
				1319952A2A473E740034ADE3 /* Models */,
				131995282A473E430034ADE3 /* Views */,
				131995292A473E550034ADE3 /* ViewModels */,
				1319951F2A418D0B0034ADE3 /* Controllers */,
				1319950B2A4185260034ADE3 /* AppDelegate.swift */,
				1319950D2A4185260034ADE3 /* SceneDelegate.swift */,
				1319950F2A4185260034ADE3 /* MainTabBarViewController.swift */,
				131995142A4185260034ADE3 /* Assets.xcassets */,
				131995162A4185260034ADE3 /* LaunchScreen.storyboard */,
				131995192A4185260034ADE3 /* Info.plist */,
			);
			path = "Netflix-clone";
			sourceTree = "<group>";
		};
		1319951F2A418D0B0034ADE3 /* Controllers */ = {
			isa = PBXGroup;
			children = (
				131995202A418DA50034ADE3 /* HomeViewController.swift */,
				131995222A418E0C0034ADE3 /* UpcomingViewController.swift */,
				131995242A418E480034ADE3 /* SearchViewController.swift */,
				131995262A418F2F0034ADE3 /* DownloadsViewController.swift */,
			);
			path = Controllers;
			sourceTree = "<group>";
		};
		131995282A473E430034ADE3 /* Views */ = {
			isa = PBXGroup;
			children = (
				1319952D2A473FF80034ADE3 /* CollectionViewTableViewCell.swift */,
				136F34872A5A8AC00078F298 /* HeroHeaderUIView.swift */,
			);
			path = Views;
			sourceTree = "<group>";
		};
		131995292A473E550034ADE3 /* ViewModels */ = {
			isa = PBXGroup;
			children = (
			);
			path = ViewModels;
			sourceTree = "<group>";
		};
		1319952A2A473E740034ADE3 /* Models */ = {
			isa = PBXGroup;
			children = (
			);
			path = Models;
			sourceTree = "<group>";
		};
		1319952B2A473F750034ADE3 /* Resources */ = {
			isa = PBXGroup;
			children = (
			);
			path = Resources;
			sourceTree = "<group>";
		};
		1319952C2A473F850034ADE3 /* Managers */ = {
			isa = PBXGroup;
			children = (
			);
			path = Managers;
			sourceTree = "<group>";
		};
/* End PBXGroup section */

/* Begin PBXNativeTarget section */
		131995072A4185260034ADE3 /* Netflix-clone */ = {
			isa = PBXNativeTarget;
			buildConfigurationList = 1319951C2A4185260034ADE3 /* Build configuration list for PBXNativeTarget "Netflix-clone" */;
			buildPhases = (
				131995042A4185260034ADE3 /* Sources */,
				131995052A4185260034ADE3 /* Frameworks */,
				131995062A4185260034ADE3 /* Resources */,
			);
			buildRules = (
			);
			dependencies = (
			);
			name = "Netflix-clone";
			productName = "Netflix-clone";
			productReference = 131995082A4185260034ADE3 /* Netflix-clone.app */;
			productType = "com.apple.product-type.application";
		};
/* End PBXNativeTarget section */

/* Begin PBXProject section */
		131995002A4185260034ADE3 /* Project object */ = {
			isa = PBXProject;
			attributes = {
				BuildIndependentTargetsInParallel = 1;
				LastSwiftUpdateCheck = 1430;
				LastUpgradeCheck = 1430;
				TargetAttributes = {
					131995072A4185260034ADE3 = {
						CreatedOnToolsVersion = 14.3;
					};
				};
			};
			buildConfigurationList = 131995032A4185260034ADE3 /* Build configuration list for PBXProject "Netflix-clone" */;
			compatibilityVersion = "Xcode 14.0";
			developmentRegion = en;
			hasScannedForEncodings = 0;
			knownRegions = (
				en,
				Base,
			);
			mainGroup = 131994FF2A4185260034ADE3;
			productRefGroup = 131995092A4185260034ADE3 /* Products */;
			projectDirPath = "";
			projectRoot = "";
			targets = (
				131995072A4185260034ADE3 /* Netflix-clone */,
			);
		};
/* End PBXProject section */

/* Begin PBXResourcesBuildPhase section */
		131995062A4185260034ADE3 /* Resources */ = {
			isa = PBXResourcesBuildPhase;
			buildActionMask = 2147483647;
			files = (
				131995182A4185260034ADE3 /* LaunchScreen.storyboard in Resources */,
				131995152A4185260034ADE3 /* Assets.xcassets in Resources */,
			);
			runOnlyForDeploymentPostprocessing = 0;
		};
/* End PBXResourcesBuildPhase section */

/* Begin PBXSourcesBuildPhase section */
		131995042A4185260034ADE3 /* Sources */ = {
			isa = PBXSourcesBuildPhase;
			buildActionMask = 2147483647;
			files = (
				131995252A418E480034ADE3 /* SearchViewController.swift in Sources */,
				131995102A4185260034ADE3 /* MainTabBarViewController.swift in Sources */,
				1319952E2A473FF80034ADE3 /* CollectionViewTableViewCell.swift in Sources */,
				136F34882A5A8AC00078F298 /* HeroHeaderUIView.swift in Sources */,
				131995272A418F2F0034ADE3 /* DownloadsViewController.swift in Sources */,
				1319950C2A4185260034ADE3 /* AppDelegate.swift in Sources */,
				1319950E2A4185260034ADE3 /* SceneDelegate.swift in Sources */,
				131995232A418E0C0034ADE3 /* UpcomingViewController.swift in Sources */,
				131995212A418DA50034ADE3 /* HomeViewController.swift in Sources */,
			);
			runOnlyForDeploymentPostprocessing = 0;
		};
/* End PBXSourcesBuildPhase section */

/* Begin PBXVariantGroup section */
		131995162A4185260034ADE3 /* LaunchScreen.storyboard */ = {
			isa = PBXVariantGroup;
			children = (
				131995172A4185260034ADE3 /* Base */,
			);
			name = LaunchScreen.storyboard;
			sourceTree = "<group>";
		};
/* End PBXVariantGroup section */

/* Begin XCBuildConfiguration section */
		1319951A2A4185260034ADE3 /* Debug */ = {
			isa = XCBuildConfiguration;
			buildSettings = {
				ALWAYS_SEARCH_USER_PATHS = NO;
				CLANG_ANALYZER_NONNULL = YES;
				CLANG_ANALYZER_NUMBER_OBJECT_CONVERSION = YES_AGGRESSIVE;
				CLANG_CXX_LANGUAGE_STANDARD = "gnu++20";
				CLANG_ENABLE_MODULES = YES;
				CLANG_ENABLE_OBJC_ARC = YES;
				CLANG_ENABLE_OBJC_WEAK = YES;
				CLANG_WARN_BLOCK_CAPTURE_AUTORELEASING = YES;
				CLANG_WARN_BOOL_CONVERSION = YES;
				CLANG_WARN_COMMA = YES;
				CLANG_WARN_CONSTANT_CONVERSION = YES;
				CLANG_WARN_DEPRECATED_OBJC_IMPLEMENTATIONS = YES;
				CLANG_WARN_DIRECT_OBJC_ISA_USAGE = YES_ERROR;
				CLANG_WARN_DOCUMENTATION_COMMENTS = YES;
				CLANG_WARN_EMPTY_BODY = YES;
				CLANG_WARN_ENUM_CONVERSION = YES;
				CLANG_WARN_INFINITE_RECURSION = YES;
				CLANG_WARN_INT_CONVERSION = YES;
				CLANG_WARN_NON_LITERAL_NULL_CONVERSION = YES;
				CLANG_WARN_OBJC_IMPLICIT_RETAIN_SELF = YES;
				CLANG_WARN_OBJC_LITERAL_CONVERSION = YES;
				CLANG_WARN_OBJC_ROOT_CLASS = YES_ERROR;
				CLANG_WARN_QUOTED_INCLUDE_IN_FRAMEWORK_HEADER = YES;
				CLANG_WARN_RANGE_LOOP_ANALYSIS = YES;
				CLANG_WARN_STRICT_PROTOTYPES = YES;
				CLANG_WARN_SUSPICIOUS_MOVE = YES;
				CLANG_WARN_UNGUARDED_AVAILABILITY = YES_AGGRESSIVE;
				CLANG_WARN_UNREACHABLE_CODE = YES;
				CLANG_WARN__DUPLICATE_METHOD_MATCH = YES;
				COPY_PHASE_STRIP = NO;
				DEBUG_INFORMATION_FORMAT = dwarf;
				ENABLE_STRICT_OBJC_MSGSEND = YES;
				ENABLE_TESTABILITY = YES;
				GCC_C_LANGUAGE_STANDARD = gnu11;
				GCC_DYNAMIC_NO_PIC = NO;
				GCC_NO_COMMON_BLOCKS = YES;
				GCC_OPTIMIZATION_LEVEL = 0;
				GCC_PREPROCESSOR_DEFINITIONS = (
					"DEBUG=1",
					"$(inherited)",
				);
				GCC_WARN_64_TO_32_BIT_CONVERSION = YES;
				GCC_WARN_ABOUT_RETURN_TYPE = YES_ERROR;
				GCC_WARN_UNDECLARED_SELECTOR = YES;
				GCC_WARN_UNINITIALIZED_AUTOS = YES_AGGRESSIVE;
				GCC_WARN_UNUSED_FUNCTION = YES;
				GCC_WARN_UNUSED_VARIABLE = YES;
				IPHONEOS_DEPLOYMENT_TARGET = 16.4;
				MTL_ENABLE_DEBUG_INFO = INCLUDE_SOURCE;
				MTL_FAST_MATH = YES;
				ONLY_ACTIVE_ARCH = YES;
				SDKROOT = iphoneos;
				SWIFT_ACTIVE_COMPILATION_CONDITIONS = DEBUG;
				SWIFT_OPTIMIZATION_LEVEL = "-Onone";
			};
			name = Debug;
		};
		1319951B2A4185260034ADE3 /* Release */ = {
			isa = XCBuildConfiguration;
			buildSettings = {
				ALWAYS_SEARCH_USER_PATHS = NO;
				CLANG_ANALYZER_NONNULL = YES;
				CLANG_ANALYZER_NUMBER_OBJECT_CONVERSION = YES_AGGRESSIVE;
				CLANG_CXX_LANGUAGE_STANDARD = "gnu++20";
				CLANG_ENABLE_MODULES = YES;
				CLANG_ENABLE_OBJC_ARC = YES;
				CLANG_ENABLE_OBJC_WEAK = YES;
				CLANG_WARN_BLOCK_CAPTURE_AUTORELEASING = YES;
				CLANG_WARN_BOOL_CONVERSION = YES;
				CLANG_WARN_COMMA = YES;
				CLANG_WARN_CONSTANT_CONVERSION = YES;
				CLANG_WARN_DEPRECATED_OBJC_IMPLEMENTATIONS = YES;
				CLANG_WARN_DIRECT_OBJC_ISA_USAGE = YES_ERROR;
				CLANG_WARN_DOCUMENTATION_COMMENTS = YES;
				CLANG_WARN_EMPTY_BODY = YES;
				CLANG_WARN_ENUM_CONVERSION = YES;
				CLANG_WARN_INFINITE_RECURSION = YES;
				CLANG_WARN_INT_CONVERSION = YES;
				CLANG_WARN_NON_LITERAL_NULL_CONVERSION = YES;
				CLANG_WARN_OBJC_IMPLICIT_RETAIN_SELF = YES;
				CLANG_WARN_OBJC_LITERAL_CONVERSION = YES;
				CLANG_WARN_OBJC_ROOT_CLASS = YES_ERROR;
				CLANG_WARN_QUOTED_INCLUDE_IN_FRAMEWORK_HEADER = YES;
				CLANG_WARN_RANGE_LOOP_ANALYSIS = YES;
				CLANG_WARN_STRICT_PROTOTYPES = YES;
				CLANG_WARN_SUSPICIOUS_MOVE = YES;
				CLANG_WARN_UNGUARDED_AVAILABILITY = YES_AGGRESSIVE;
				CLANG_WARN_UNREACHABLE_CODE = YES;
				CLANG_WARN__DUPLICATE_METHOD_MATCH = YES;
				COPY_PHASE_STRIP = NO;
				DEBUG_INFORMATION_FORMAT = "dwarf-with-dsym";
				ENABLE_NS_ASSERTIONS = NO;
				ENABLE_STRICT_OBJC_MSGSEND = YES;
				GCC_C_LANGUAGE_STANDARD = gnu11;
				GCC_NO_COMMON_BLOCKS = YES;
				GCC_WARN_64_TO_32_BIT_CONVERSION = YES;
				GCC_WARN_ABOUT_RETURN_TYPE = YES_ERROR;
				GCC_WARN_UNDECLARED_SELECTOR = YES;
				GCC_WARN_UNINITIALIZED_AUTOS = YES_AGGRESSIVE;
				GCC_WARN_UNUSED_FUNCTION = YES;
				GCC_WARN_UNUSED_VARIABLE = YES;
				IPHONEOS_DEPLOYMENT_TARGET = 16.4;
				MTL_ENABLE_DEBUG_INFO = NO;
				MTL_FAST_MATH = YES;
				SDKROOT = iphoneos;
				SWIFT_COMPILATION_MODE = wholemodule;
				SWIFT_OPTIMIZATION_LEVEL = "-O";
				VALIDATE_PRODUCT = YES;
			};
			name = Release;
		};
		1319951D2A4185260034ADE3 /* Debug */ = {
			isa = XCBuildConfiguration;
			buildSettings = {
				ASSETCATALOG_COMPILER_APPICON_NAME = AppIcon;
				ASSETCATALOG_COMPILER_GLOBAL_ACCENT_COLOR_NAME = AccentColor;
				CODE_SIGN_STYLE = Automatic;
				CURRENT_PROJECT_VERSION = 1;
				DEVELOPMENT_TEAM = 8D986K5BLR;
				GENERATE_INFOPLIST_FILE = YES;
				INFOPLIST_FILE = "Netflix-clone/Info.plist";
				INFOPLIST_KEY_UIApplicationSupportsIndirectInputEvents = YES;
				INFOPLIST_KEY_UILaunchStoryboardName = LaunchScreen;
				INFOPLIST_KEY_UISupportedInterfaceOrientations_iPad = "UIInterfaceOrientationPortrait UIInterfaceOrientationPortraitUpsideDown UIInterfaceOrientationLandscapeLeft UIInterfaceOrientationLandscapeRight";
				INFOPLIST_KEY_UISupportedInterfaceOrientations_iPhone = "UIInterfaceOrientationPortrait UIInterfaceOrientationLandscapeLeft UIInterfaceOrientationLandscapeRight";
				LD_RUNPATH_SEARCH_PATHS = (
					"$(inherited)",
					"@executable_path/Frameworks",
				);
				MARKETING_VERSION = 1.0;
				PRODUCT_BUNDLE_IDENTIFIER = "com.chiduanush.Netflix-clone";
				PRODUCT_NAME = "$(TARGET_NAME)";
				SWIFT_EMIT_LOC_STRINGS = YES;
				SWIFT_VERSION = 5.0;
				TARGETED_DEVICE_FAMILY = "1,2";
			};
			name = Debug;
		};
		1319951E2A4185260034ADE3 /* Release */ = {
			isa = XCBuildConfiguration;
			buildSettings = {
				ASSETCATALOG_COMPILER_APPICON_NAME = AppIcon;
				ASSETCATALOG_COMPILER_GLOBAL_ACCENT_COLOR_NAME = AccentColor;
				CODE_SIGN_STYLE = Automatic;
				CURRENT_PROJECT_VERSION = 1;
				DEVELOPMENT_TEAM = 8D986K5BLR;
				GENERATE_INFOPLIST_FILE = YES;
				INFOPLIST_FILE = "Netflix-clone/Info.plist";
				INFOPLIST_KEY_UIApplicationSupportsIndirectInputEvents = YES;
				INFOPLIST_KEY_UILaunchStoryboardName = LaunchScreen;
				INFOPLIST_KEY_UISupportedInterfaceOrientations_iPad = "UIInterfaceOrientationPortrait UIInterfaceOrientationPortraitUpsideDown UIInterfaceOrientationLandscapeLeft UIInterfaceOrientationLandscapeRight";
				INFOPLIST_KEY_UISupportedInterfaceOrientations_iPhone = "UIInterfaceOrientationPortrait UIInterfaceOrientationLandscapeLeft UIInterfaceOrientationLandscapeRight";
				LD_RUNPATH_SEARCH_PATHS = (
					"$(inherited)",
					"@executable_path/Frameworks",
				);
				MARKETING_VERSION = 1.0;
				PRODUCT_BUNDLE_IDENTIFIER = "com.chiduanush.Netflix-clone";
				PRODUCT_NAME = "$(TARGET_NAME)";
				SWIFT_EMIT_LOC_STRINGS = YES;
				SWIFT_VERSION = 5.0;
				TARGETED_DEVICE_FAMILY = "1,2";
			};
			name = Release;
		};
/* End XCBuildConfiguration section */

/* Begin XCConfigurationList section */
		131995032A4185260034ADE3 /* Build configuration list for PBXProject "Netflix-clone" */ = {
			isa = XCConfigurationList;
			buildConfigurations = (
				1319951A2A4185260034ADE3 /* Debug */,
				1319951B2A4185260034ADE3 /* Release */,
			);
			defaultConfigurationIsVisible = 0;
			defaultConfigurationName = Release;
		};
		1319951C2A4185260034ADE3 /* Build configuration list for PBXNativeTarget "Netflix-clone" */ = {
			isa = XCConfigurationList;
			buildConfigurations = (
				1319951D2A4185260034ADE3 /* Debug */,
				1319951E2A4185260034ADE3 /* Release */,
			);
			defaultConfigurationIsVisible = 0;
			defaultConfigurationName = Release;
		};
/* End XCConfigurationList section */
	};
	rootObject = 131995002A4185260034ADE3 /* Project object */;
}
